{
  "version": "5",
  "specifiers": {
    "jsr:@std/assert@^1.0.19": "1.0.19",
    "jsr:@std/dotenv@~0.225.6": "0.225.6",
    "jsr:@std/internal@^1.0.12": "1.0.12",
    "npm:@types/node@*": "22.12.0",
    "npm:hono@4": "4.12.2"
  },
  "jsr": {
    "@std/assert@1.0.19": {
      "integrity": "eaada96ee120cb980bc47e040f82814d786fe8162ecc53c91d8df60b8755991e",
      "dependencies": [
        "jsr:@std/internal"
      ]
    },
    "@std/dotenv@0.225.6": {
      "integrity": "1d6f9db72f565bd26790fa034c26e45ecb260b5245417be76c2279e5734c421b"
    },
    "@std/internal@1.0.12": {
      "integrity": "972a634fd5bc34b242024402972cd5143eac68d8dffaca5eaa4dba30ce17b027"
    }
  },
  "npm": {
    "@types/node@22.12.0": {
      "integrity": "sha512-Fll2FZ1riMjNmlmJOdAyY5pUbkftXslB5DgEzlIuNaiWhXd00FhWxVC/r4yV/4wBb9JfImTu+jiSvXTkJ7F/gA==",
      "dependencies": [
        "undici-types"
      ]
    },
    "hono@4.12.2": {
      "integrity": "sha512-gJnaDHXKDayjt8ue0n8Gs0A007yKXj4Xzb8+cNjZeYsSzzwKc0Lr+OZgYwVfB0pHfUs17EPoLvrOsEaJ9mj+Tg=="
    },
    "undici-types@6.20.0": {
      "integrity": "sha512-Ny6QZ2Nju20vw1SRHe3d9jVu6gJ+4e3+MMpqu7pqE5HT6WsTSlce++GQmK5UXS8mzV8DSYHrQH+Xrf2jVcuKNg=="
    }
  },
  "workspace": {
    "dependencies": [
      "jsr:@std/assert@^1.0.19",
      "jsr:@std/dotenv@~0.225.6",
      "npm:hono@4"
    ]
  }
}
